{
  "name": "weiweifang-miniprogram",
  "version": "0.1.0",
  "lockfileVersion": 3,
  "requires": true,
  "packages": {
    "": {
      "name": "weiweifang-miniprogram",
      "version": "0.1.0",
      "devDependencies": {
        "miniprogram-api-typings": "^5.2.2",
        "typescript": "^5.6.3"
      }
    },
    "node_modules/miniprogram-api-typings": {
      "version": "5.2.2",
      "resolved": "https://registry.npmjs.org/miniprogram-api-typings/-/miniprogram-api-typings-5.2.2.tgz",
      "integrity": "sha512-pg4fHLZxfsuapDnnifdMqs7CGEJYzESa1vJzXb+O7Yz5CtVHB0ugBW+M32EU35p/u++wwPxY9GfHiCuEkq44vg==",
      "dev": true,
      "license": "MIT"
    },
    "node_modules/typescript": {
      "version": "5.9.3",
      "resolved": "https://registry.npmjs.org/typescript/-/typescript-5.9.3.tgz",
      "integrity": "sha512-jl1vZzPDinLr9eUt3J/t7V6FgNEw9QjvBPdysz9KfQDD41fQrC2Y4vKQdiaUpFT4bXlb1RHhLpp8wtm6M5TgSw==",
      "dev": true,
      "license": "Apache-2.0",
      "bin": {
        "tsc": "bin/tsc",
        "tsserver": "bin/tsserver"
      },
      "engines": {
        "node": ">=14.17"
      }
    }
  }
}
